// !$*UTF8*$!
{
	archiveVersion = 1;
	classes = {
	};
	objectVersion = 52;
	objects = {

/* Begin PBXBuildFile section */
		32196022270B69F9002A0E11 /* WorksListView.swift in Sources */ = {isa = PBXBuildFile; fileRef = 32196021270B69F9002A0E11 /* WorksListView.swift */; };
		3219602E270C9944002A0E11 /* TextView.swift in Sources */ = {isa = PBXBuildFile; fileRef = 3219602D270C9944002A0E11 /* TextView.swift */; };
		321D1C3C2778F60100A28468 /* WorkItemContainer.swift in Sources */ = {isa = PBXBuildFile; fileRef = 321D1C3B2778F60100A28468 /* WorkItemContainer.swift */; };
		321D1C40277905BE00A28468 /* WorkItemImageView.swift in Sources */ = {isa = PBXBuildFile; fileRef = 321D1C3F277905BE00A28468 /* WorkItemImageView.swift */; };
		3228555227DFA54800256A1A /* TinmeyMacOSApp.swift in Sources */ = {isa = PBXBuildFile; fileRef = 3228555127DFA54800256A1A /* TinmeyMacOSApp.swift */; };
		3228555427E1315D00256A1A /* Preview Assets.xcassets in Resources */ = {isa = PBXBuildFile; fileRef = 3228555327E1315D00256A1A /* Preview Assets.xcassets */; };
		3228555627E136D400256A1A /* View+Extension.swift in Sources */ = {isa = PBXBuildFile; fileRef = 3228555527E136D400256A1A /* View+Extension.swift */; };
		3228555927E13CFE00256A1A /* OverlayOnHoverViewModifier.swift in Sources */ = {isa = PBXBuildFile; fileRef = 3228555827E13CFE00256A1A /* OverlayOnHoverViewModifier.swift */; };
		3228555B27E2C5F500256A1A /* RoundedBorderTextViewViewModifier.swift in Sources */ = {isa = PBXBuildFile; fileRef = 3228555A27E2C5F400256A1A /* RoundedBorderTextViewViewModifier.swift */; };
		3234CBAA27145A700069A3CC /* AuthAPIService.swift in Sources */ = {isa = PBXBuildFile; fileRef = 3234CBA927145A700069A3CC /* AuthAPIService.swift */; };
		3234CBAC27145D570069A3CC /* Keychain.swift in Sources */ = {isa = PBXBuildFile; fileRef = 3234CBAB27145D570069A3CC /* Keychain.swift */; };
		3234CBAE271468E70069A3CC /* SettingsView.swift in Sources */ = {isa = PBXBuildFile; fileRef = 3234CBAD271468E70069A3CC /* SettingsView.swift */; };
		3234CBB02714691A0069A3CC /* SettingsViewModel.swift in Sources */ = {isa = PBXBuildFile; fileRef = 3234CBAF2714691A0069A3CC /* SettingsViewModel.swift */; };
		3234CBB627149D3E0069A3CC /* EditSectionView.swift in Sources */ = {isa = PBXBuildFile; fileRef = 3234CBB527149D3E0069A3CC /* EditSectionView.swift */; };
		3234CBB92714BC410069A3CC /* ProfileAPIService.swift in Sources */ = {isa = PBXBuildFile; fileRef = 3234CBB82714BC410069A3CC /* ProfileAPIService.swift */; };
		3234CBBB2714BEA20069A3CC /* SectionsAPIService.swift in Sources */ = {isa = PBXBuildFile; fileRef = 3234CBBA2714BEA20069A3CC /* SectionsAPIService.swift */; };
		3234CBBD2714C0A20069A3CC /* EditSectionViewModel.swift in Sources */ = {isa = PBXBuildFile; fileRef = 3234CBBC2714C0A20069A3CC /* EditSectionViewModel.swift */; };
		3234CBBF2714C0E10069A3CC /* AlertType.swift in Sources */ = {isa = PBXBuildFile; fileRef = 3234CBBE2714C0E10069A3CC /* AlertType.swift */; };
		3234CBC1271591670069A3CC /* EditProfileView.swift in Sources */ = {isa = PBXBuildFile; fileRef = 3234CBC0271591670069A3CC /* EditProfileView.swift */; };
		3234CBC3271591770069A3CC /* EditProfileViewModel.swift in Sources */ = {isa = PBXBuildFile; fileRef = 3234CBC2271591770069A3CC /* EditProfileViewModel.swift */; };
		3236C78526DC0EBC002122B3 /* AppDelegate.swift in Sources */ = {isa = PBXBuildFile; fileRef = 3236C78426DC0EBC002122B3 /* AppDelegate.swift */; };
		3236C78A26DC0EBC002122B3 /* TinmeyMacOS.xcdatamodeld in Sources */ = {isa = PBXBuildFile; fileRef = 3236C78826DC0EBC002122B3 /* TinmeyMacOS.xcdatamodeld */; };
		3236C78C26DC0EBF002122B3 /* Assets.xcassets in Resources */ = {isa = PBXBuildFile; fileRef = 3236C78B26DC0EBF002122B3 /* Assets.xcassets */; };
		3236C78F26DC0EBF002122B3 /* Preview Assets.xcassets in Resources */ = {isa = PBXBuildFile; fileRef = 3236C78E26DC0EBF002122B3 /* Preview Assets.xcassets */; };
		3236C79226DC0EBF002122B3 /* Main.storyboard in Resources */ = {isa = PBXBuildFile; fileRef = 3236C79026DC0EBF002122B3 /* Main.storyboard */; };
		3236C79E26DC0EBF002122B3 /* TinmeyMacOSTests.swift in Sources */ = {isa = PBXBuildFile; fileRef = 3236C79D26DC0EBF002122B3 /* TinmeyMacOSTests.swift */; };
		3236C7BA26DC0EFB002122B3 /* Work.swift in Sources */ = {isa = PBXBuildFile; fileRef = 3236C7B726DC0EFB002122B3 /* Work.swift */; };
		3236C7BC26DC0EFB002122B3 /* AppSection.swift in Sources */ = {isa = PBXBuildFile; fileRef = 3236C7B926DC0EFB002122B3 /* AppSection.swift */; };
		3236C7C526DC0F63002122B3 /* WorksListViewModel.swift in Sources */ = {isa = PBXBuildFile; fileRef = 3236C7C126DC0F63002122B3 /* WorksListViewModel.swift */; };
		3236C7C626DC0F63002122B3 /* EditWorksViewModel.swift in Sources */ = {isa = PBXBuildFile; fileRef = 3236C7C226DC0F63002122B3 /* EditWorksViewModel.swift */; };
		3236C7C726DC0F63002122B3 /* RootViewModel.swift in Sources */ = {isa = PBXBuildFile; fileRef = 3236C7C326DC0F63002122B3 /* RootViewModel.swift */; };
		3236C7C826DC0F63002122B3 /* WorkPreviewViewModel.swift in Sources */ = {isa = PBXBuildFile; fileRef = 3236C7C426DC0F63002122B3 /* WorkPreviewViewModel.swift */; };
		3236C7D226DC0F6C002122B3 /* WorkView.swift in Sources */ = {isa = PBXBuildFile; fileRef = 3236C7CA26DC0F6C002122B3 /* WorkView.swift */; };
		3236C7D326DC0F6C002122B3 /* BlurView.swift in Sources */ = {isa = PBXBuildFile; fileRef = 3236C7CB26DC0F6C002122B3 /* BlurView.swift */; };
		3236C7D526DC0F6C002122B3 /* TabButton.swift in Sources */ = {isa = PBXBuildFile; fileRef = 3236C7CD26DC0F6C002122B3 /* TabButton.swift */; };
		3236C7D626DC0F6C002122B3 /* RootView.swift in Sources */ = {isa = PBXBuildFile; fileRef = 3236C7CE26DC0F6C002122B3 /* RootView.swift */; };
		3236C7D826DC0F6C002122B3 /* EditWorkView.swift in Sources */ = {isa = PBXBuildFile; fileRef = 3236C7D026DC0F6C002122B3 /* EditWorkView.swift */; };
		3236C7DC26DC0F9A002122B3 /* TinmeyCore in Frameworks */ = {isa = PBXBuildFile; productRef = 3236C7DB26DC0F9A002122B3 /* TinmeyCore */; };
		3236C7DF26DC0FCF002122B3 /* Alamofire in Frameworks */ = {isa = PBXBuildFile; productRef = 3236C7DE26DC0FCF002122B3 /* Alamofire */; };
		3236C7E326DC105E002122B3 /* WorksAPIService.swift in Sources */ = {isa = PBXBuildFile; fileRef = 3236C7E126DC105E002122B3 /* WorksAPIService.swift */; };
		3236C7E426DC105E002122B3 /* APIService.swift in Sources */ = {isa = PBXBuildFile; fileRef = 3236C7E226DC105E002122B3 /* APIService.swift */; };
		323FB1DE2717113100B31A22 /* TagsListView.swift in Sources */ = {isa = PBXBuildFile; fileRef = 323FB1DD2717113100B31A22 /* TagsListView.swift */; };
		323FB1E02717144300B31A22 /* TagInputView.swift in Sources */ = {isa = PBXBuildFile; fileRef = 323FB1DF2717144300B31A22 /* TagInputView.swift */; };
		323FB1E2271724CC00B31A22 /* TagSelectView.swift in Sources */ = {isa = PBXBuildFile; fileRef = 323FB1E1271724CC00B31A22 /* TagSelectView.swift */; };
		323FB1E42717282400B31A22 /* TagsAPIService.swift in Sources */ = {isa = PBXBuildFile; fileRef = 323FB1E32717282400B31A22 /* TagsAPIService.swift */; };
		3245F360277BBA1700165534 /* EditWorkItemImageView.swift in Sources */ = {isa = PBXBuildFile; fileRef = 3245F35F277BBA1700165534 /* EditWorkItemImageView.swift */; };
		3245F364277BBFC400165534 /* EditWorkItemContainer.swift in Sources */ = {isa = PBXBuildFile; fileRef = 3245F363277BBFC400165534 /* EditWorkItemContainer.swift */; };
		324A8A55278396390044D622 /* Work+Image.swift in Sources */ = {isa = PBXBuildFile; fileRef = 324A8A54278396390044D622 /* Work+Image.swift */; };
		324A8A592783964A0044D622 /* Work+Create.swift in Sources */ = {isa = PBXBuildFile; fileRef = 324A8A582783964A0044D622 /* Work+Create.swift */; };
		324A8A5F2783B9D40044D622 /* Array+Extension.swift in Sources */ = {isa = PBXBuildFile; fileRef = 324A8A5E2783B9D40044D622 /* Array+Extension.swift */; };
		324BEB65271702B6001AEE0D /* TagView.swift in Sources */ = {isa = PBXBuildFile; fileRef = 324BEB64271702B6001AEE0D /* TagView.swift */; };
		324BEB6827170909001AEE0D /* WrappingHStack in Frameworks */ = {isa = PBXBuildFile; productRef = 324BEB6727170909001AEE0D /* WrappingHStack */; };
		324BEB6A27170AD5001AEE0D /* BoxLinkButton.swift in Sources */ = {isa = PBXBuildFile; fileRef = 324BEB6927170AD5001AEE0D /* BoxLinkButton.swift */; };
		326EA03426DE751600C94B5E /* ProgressIndicator.swift in Sources */ = {isa = PBXBuildFile; fileRef = 326EA03326DE751600C94B5E /* ProgressIndicator.swift */; };
		32932A6C272B20FB004DD0B9 /* APIURLBuilder.swift in Sources */ = {isa = PBXBuildFile; fileRef = 32932A6B272B20FB004DD0B9 /* APIURLBuilder.swift */; };
		32932A6E272B219B004DD0B9 /* InfoPlist.swift in Sources */ = {isa = PBXBuildFile; fileRef = 32932A6D272B219B004DD0B9 /* InfoPlist.swift */; };
		329811EF27693123007351D6 /* IconButton.swift in Sources */ = {isa = PBXBuildFile; fileRef = 329811EE27693123007351D6 /* IconButton.swift */; };
		32B1B76B278C7FE200371261 /* DropInfo+Extension.swift in Sources */ = {isa = PBXBuildFile; fileRef = 32B1B76A278C7FE200371261 /* DropInfo+Extension.swift */; };
		32B1B76D278CF03E00371261 /* URL+Extension.swift in Sources */ = {isa = PBXBuildFile; fileRef = 32B1B76C278CF03E00371261 /* URL+Extension.swift */; };
		32B1B76F278CF40700371261 /* DropImage.swift in Sources */ = {isa = PBXBuildFile; fileRef = 32B1B76E278CF40700371261 /* DropImage.swift */; };
		32B1B771278E483400371261 /* NSTextView+Extension.swift in Sources */ = {isa = PBXBuildFile; fileRef = 32B1B770278E483400371261 /* NSTextView+Extension.swift */; };
		32BEEC3A2783C7FC005013EF /* APIModelConvertable.swift in Sources */ = {isa = PBXBuildFile; fileRef = 32BEEC392783C7FC005013EF /* APIModelConvertable.swift */; };
		32BEEC3C2783D44B005013EF /* EditSectionImageView.swift in Sources */ = {isa = PBXBuildFile; fileRef = 32BEEC3B2783D44B005013EF /* EditSectionImageView.swift */; };
		32FD4E79276AB0AB0086B242 /* KeychainAccess in Frameworks */ = {isa = PBXBuildFile; productRef = 32FD4E78276AB0AB0086B242 /* KeychainAccess */; };
/* End PBXBuildFile section */

/* Begin PBXContainerItemProxy section */
		3236C79A26DC0EBF002122B3 /* PBXContainerItemProxy */ = {
			isa = PBXContainerItemProxy;
			containerPortal = 3236C77926DC0EBC002122B3 /* Project object */;
			proxyType = 1;
			remoteGlobalIDString = 3236C78026DC0EBC002122B3;
			remoteInfo = TinmeyMacOS;
		};
/* End PBXContainerItemProxy section */

/* Begin PBXFileReference section */
		32196021270B69F9002A0E11 /* WorksListView.swift */ = {isa = PBXFileReference; lastKnownFileType = sourcecode.swift; path = WorksListView.swift; sourceTree = "<group>"; };
		3219602D270C9944002A0E11 /* TextView.swift */ = {isa = PBXFileReference; lastKnownFileType = sourcecode.swift; path = TextView.swift; sourceTree = "<group>"; };
		321D1C3B2778F60100A28468 /* WorkItemContainer.swift */ = {isa = PBXFileReference; lastKnownFileType = sourcecode.swift; path = WorkItemContainer.swift; sourceTree = "<group>"; };
		321D1C3F277905BE00A28468 /* WorkItemImageView.swift */ = {isa = PBXFileReference; lastKnownFileType = sourcecode.swift; path = WorkItemImageView.swift; sourceTree = "<group>"; };
		3228555127DFA54800256A1A /* TinmeyMacOSApp.swift */ = {isa = PBXFileReference; lastKnownFileType = sourcecode.swift; path = TinmeyMacOSApp.swift; sourceTree = "<group>"; };
		3228555327E1315D00256A1A /* Preview Assets.xcassets */ = {isa = PBXFileReference; lastKnownFileType = folder.assetcatalog; path = "Preview Assets.xcassets"; sourceTree = "<group>"; };
		3228555527E136D400256A1A /* View+Extension.swift */ = {isa = PBXFileReference; lastKnownFileType = sourcecode.swift; path = "View+Extension.swift"; sourceTree = "<group>"; };
		3228555827E13CFE00256A1A /* OverlayOnHoverViewModifier.swift */ = {isa = PBXFileReference; lastKnownFileType = sourcecode.swift; path = OverlayOnHoverViewModifier.swift; sourceTree = "<group>"; };
		3228555A27E2C5F400256A1A /* RoundedBorderTextViewViewModifier.swift */ = {isa = PBXFileReference; lastKnownFileType = sourcecode.swift; path = RoundedBorderTextViewViewModifier.swift; sourceTree = "<group>"; };
		3234CBA927145A700069A3CC /* AuthAPIService.swift */ = {isa = PBXFileReference; lastKnownFileType = sourcecode.swift; path = AuthAPIService.swift; sourceTree = "<group>"; };
		3234CBAB27145D570069A3CC /* Keychain.swift */ = {isa = PBXFileReference; lastKnownFileType = sourcecode.swift; path = Keychain.swift; sourceTree = "<group>"; };
		3234CBAD271468E70069A3CC /* SettingsView.swift */ = {isa = PBXFileReference; lastKnownFileType = sourcecode.swift; path = SettingsView.swift; sourceTree = "<group>"; };
		3234CBAF2714691A0069A3CC /* SettingsViewModel.swift */ = {isa = PBXFileReference; lastKnownFileType = sourcecode.swift; path = SettingsViewModel.swift; sourceTree = "<group>"; };
		3234CBB527149D3E0069A3CC /* EditSectionView.swift */ = {isa = PBXFileReference; lastKnownFileType = sourcecode.swift; path = EditSectionView.swift; sourceTree = "<group>"; };
		3234CBB82714BC410069A3CC /* ProfileAPIService.swift */ = {isa = PBXFileReference; lastKnownFileType = sourcecode.swift; path = ProfileAPIService.swift; sourceTree = "<group>"; };
		3234CBBA2714BEA20069A3CC /* SectionsAPIService.swift */ = {isa = PBXFileReference; lastKnownFileType = sourcecode.swift; path = SectionsAPIService.swift; sourceTree = "<group>"; };
		3234CBBC2714C0A20069A3CC /* EditSectionViewModel.swift */ = {isa = PBXFileReference; lastKnownFileType = sourcecode.swift; path = EditSectionViewModel.swift; sourceTree = "<group>"; };
		3234CBBE2714C0E10069A3CC /* AlertType.swift */ = {isa = PBXFileReference; lastKnownFileType = sourcecode.swift; path = AlertType.swift; sourceTree = "<group>"; };
		3234CBC0271591670069A3CC /* EditProfileView.swift */ = {isa = PBXFileReference; lastKnownFileType = sourcecode.swift; path = EditProfileView.swift; sourceTree = "<group>"; };
		3234CBC2271591770069A3CC /* EditProfileViewModel.swift */ = {isa = PBXFileReference; lastKnownFileType = sourcecode.swift; path = EditProfileViewModel.swift; sourceTree = "<group>"; };
		3236C78126DC0EBC002122B3 /* Tinmey portfolio.app */ = {isa = PBXFileReference; explicitFileType = wrapper.application; includeInIndex = 0; path = "Tinmey portfolio.app"; sourceTree = BUILT_PRODUCTS_DIR; };
		3236C78426DC0EBC002122B3 /* AppDelegate.swift */ = {isa = PBXFileReference; lastKnownFileType = sourcecode.swift; path = AppDelegate.swift; sourceTree = "<group>"; };
		3236C78926DC0EBC002122B3 /* TinmeyMacOS.xcdatamodel */ = {isa = PBXFileReference; lastKnownFileType = wrapper.xcdatamodel; path = TinmeyMacOS.xcdatamodel; sourceTree = "<group>"; };
		3236C78B26DC0EBF002122B3 /* Assets.xcassets */ = {isa = PBXFileReference; lastKnownFileType = folder.assetcatalog; path = Assets.xcassets; sourceTree = "<group>"; };
		3236C78E26DC0EBF002122B3 /* Preview Assets.xcassets */ = {isa = PBXFileReference; lastKnownFileType = folder.assetcatalog; path = "Preview Assets.xcassets"; sourceTree = "<group>"; };
		3236C79126DC0EBF002122B3 /* Base */ = {isa = PBXFileReference; lastKnownFileType = file.storyboard; name = Base; path = Base.lproj/Main.storyboard; sourceTree = "<group>"; };
		3236C79326DC0EBF002122B3 /* Info.plist */ = {isa = PBXFileReference; lastKnownFileType = text.plist.xml; path = Info.plist; sourceTree = "<group>"; };
		3236C79426DC0EBF002122B3 /* TinmeyMacOS.entitlements */ = {isa = PBXFileReference; lastKnownFileType = text.plist.entitlements; path = TinmeyMacOS.entitlements; sourceTree = "<group>"; };
		3236C79926DC0EBF002122B3 /* TinmeyMacOSTests.xctest */ = {isa = PBXFileReference; explicitFileType = wrapper.cfbundle; includeInIndex = 0; path = TinmeyMacOSTests.xctest; sourceTree = BUILT_PRODUCTS_DIR; };
		3236C79D26DC0EBF002122B3 /* TinmeyMacOSTests.swift */ = {isa = PBXFileReference; lastKnownFileType = sourcecode.swift; path = TinmeyMacOSTests.swift; sourceTree = "<group>"; };
		3236C79F26DC0EBF002122B3 /* Info.plist */ = {isa = PBXFileReference; lastKnownFileType = text.plist.xml; path = Info.plist; sourceTree = "<group>"; };
		3236C7B726DC0EFB002122B3 /* Work.swift */ = {isa = PBXFileReference; fileEncoding = 4; lastKnownFileType = sourcecode.swift; path = Work.swift; sourceTree = "<group>"; };
		3236C7B926DC0EFB002122B3 /* AppSection.swift */ = {isa = PBXFileReference; fileEncoding = 4; lastKnownFileType = sourcecode.swift; path = AppSection.swift; sourceTree = "<group>"; };
		3236C7C126DC0F63002122B3 /* WorksListViewModel.swift */ = {isa = PBXFileReference; fileEncoding = 4; lastKnownFileType = sourcecode.swift; path = WorksListViewModel.swift; sourceTree = "<group>"; };
		3236C7C226DC0F63002122B3 /* EditWorksViewModel.swift */ = {isa = PBXFileReference; fileEncoding = 4; lastKnownFileType = sourcecode.swift; path = EditWorksViewModel.swift; sourceTree = "<group>"; };
		3236C7C326DC0F63002122B3 /* RootViewModel.swift */ = {isa = PBXFileReference; fileEncoding = 4; lastKnownFileType = sourcecode.swift; path = RootViewModel.swift; sourceTree = "<group>"; };
		3236C7C426DC0F63002122B3 /* WorkPreviewViewModel.swift */ = {isa = PBXFileReference; fileEncoding = 4; lastKnownFileType = sourcecode.swift; path = WorkPreviewViewModel.swift; sourceTree = "<group>"; };
		3236C7CA26DC0F6C002122B3 /* WorkView.swift */ = {isa = PBXFileReference; fileEncoding = 4; lastKnownFileType = sourcecode.swift; path = WorkView.swift; sourceTree = "<group>"; };
		3236C7CB26DC0F6C002122B3 /* BlurView.swift */ = {isa = PBXFileReference; fileEncoding = 4; lastKnownFileType = sourcecode.swift; path = BlurView.swift; sourceTree = "<group>"; };
		3236C7CD26DC0F6C002122B3 /* TabButton.swift */ = {isa = PBXFileReference; fileEncoding = 4; lastKnownFileType = sourcecode.swift; path = TabButton.swift; sourceTree = "<group>"; };
		3236C7CE26DC0F6C002122B3 /* RootView.swift */ = {isa = PBXFileReference; fileEncoding = 4; lastKnownFileType = sourcecode.swift; path = RootView.swift; sourceTree = "<group>"; };
		3236C7D026DC0F6C002122B3 /* EditWorkView.swift */ = {isa = PBXFileReference; fileEncoding = 4; lastKnownFileType = sourcecode.swift; path = EditWorkView.swift; sourceTree = "<group>"; };
		3236C7E126DC105E002122B3 /* WorksAPIService.swift */ = {isa = PBXFileReference; fileEncoding = 4; lastKnownFileType = sourcecode.swift; path = WorksAPIService.swift; sourceTree = "<group>"; };
		3236C7E226DC105E002122B3 /* APIService.swift */ = {isa = PBXFileReference; fileEncoding = 4; lastKnownFileType = sourcecode.swift; path = APIService.swift; sourceTree = "<group>"; };
		323FB1DD2717113100B31A22 /* TagsListView.swift */ = {isa = PBXFileReference; lastKnownFileType = sourcecode.swift; path = TagsListView.swift; sourceTree = "<group>"; };
		323FB1DF2717144300B31A22 /* TagInputView.swift */ = {isa = PBXFileReference; lastKnownFileType = sourcecode.swift; path = TagInputView.swift; sourceTree = "<group>"; };
		323FB1E1271724CC00B31A22 /* TagSelectView.swift */ = {isa = PBXFileReference; lastKnownFileType = sourcecode.swift; path = TagSelectView.swift; sourceTree = "<group>"; };
		323FB1E32717282400B31A22 /* TagsAPIService.swift */ = {isa = PBXFileReference; lastKnownFileType = sourcecode.swift; path = TagsAPIService.swift; sourceTree = "<group>"; };
		3245F35F277BBA1700165534 /* EditWorkItemImageView.swift */ = {isa = PBXFileReference; lastKnownFileType = sourcecode.swift; path = EditWorkItemImageView.swift; sourceTree = "<group>"; };
		3245F363277BBFC400165534 /* EditWorkItemContainer.swift */ = {isa = PBXFileReference; lastKnownFileType = sourcecode.swift; path = EditWorkItemContainer.swift; sourceTree = "<group>"; };
		324A8A54278396390044D622 /* Work+Image.swift */ = {isa = PBXFileReference; lastKnownFileType = sourcecode.swift; path = "Work+Image.swift"; sourceTree = "<group>"; };
		324A8A582783964A0044D622 /* Work+Create.swift */ = {isa = PBXFileReference; lastKnownFileType = sourcecode.swift; path = "Work+Create.swift"; sourceTree = "<group>"; };
		324A8A5E2783B9D40044D622 /* Array+Extension.swift */ = {isa = PBXFileReference; lastKnownFileType = sourcecode.swift; path = "Array+Extension.swift"; sourceTree = "<group>"; };
		324BEB64271702B6001AEE0D /* TagView.swift */ = {isa = PBXFileReference; lastKnownFileType = sourcecode.swift; path = TagView.swift; sourceTree = "<group>"; };
		324BEB6927170AD5001AEE0D /* BoxLinkButton.swift */ = {isa = PBXFileReference; lastKnownFileType = sourcecode.swift; path = BoxLinkButton.swift; sourceTree = "<group>"; };
		326EA03326DE751600C94B5E /* ProgressIndicator.swift */ = {isa = PBXFileReference; lastKnownFileType = sourcecode.swift; path = ProgressIndicator.swift; sourceTree = "<group>"; };
		32932A6B272B20FB004DD0B9 /* APIURLBuilder.swift */ = {isa = PBXFileReference; lastKnownFileType = sourcecode.swift; path = APIURLBuilder.swift; sourceTree = "<group>"; };
		32932A6D272B219B004DD0B9 /* InfoPlist.swift */ = {isa = PBXFileReference; lastKnownFileType = sourcecode.swift; path = InfoPlist.swift; sourceTree = "<group>"; };
		329811EE27693123007351D6 /* IconButton.swift */ = {isa = PBXFileReference; lastKnownFileType = sourcecode.swift; path = IconButton.swift; sourceTree = "<group>"; };
		32B1B76A278C7FE200371261 /* DropInfo+Extension.swift */ = {isa = PBXFileReference; lastKnownFileType = sourcecode.swift; path = "DropInfo+Extension.swift"; sourceTree = "<group>"; };
		32B1B76C278CF03E00371261 /* URL+Extension.swift */ = {isa = PBXFileReference; lastKnownFileType = sourcecode.swift; path = "URL+Extension.swift"; sourceTree = "<group>"; };
		32B1B76E278CF40700371261 /* DropImage.swift */ = {isa = PBXFileReference; lastKnownFileType = sourcecode.swift; path = DropImage.swift; sourceTree = "<group>"; };
		32B1B770278E483400371261 /* NSTextView+Extension.swift */ = {isa = PBXFileReference; lastKnownFileType = sourcecode.swift; path = "NSTextView+Extension.swift"; sourceTree = "<group>"; };
		32BEEC392783C7FC005013EF /* APIModelConvertable.swift */ = {isa = PBXFileReference; lastKnownFileType = sourcecode.swift; path = APIModelConvertable.swift; sourceTree = "<group>"; };
		32BEEC3B2783D44B005013EF /* EditSectionImageView.swift */ = {isa = PBXFileReference; lastKnownFileType = sourcecode.swift; path = EditSectionImageView.swift; sourceTree = "<group>"; };
/* End PBXFileReference section */

/* Begin PBXFrameworksBuildPhase section */
		3236C77E26DC0EBC002122B3 /* Frameworks */ = {
			isa = PBXFrameworksBuildPhase;
			buildActionMask = 2147483647;
			files = (
				32FD4E79276AB0AB0086B242 /* KeychainAccess in Frameworks */,
				3236C7DC26DC0F9A002122B3 /* TinmeyCore in Frameworks */,
				324BEB6827170909001AEE0D /* WrappingHStack in Frameworks */,
				3236C7DF26DC0FCF002122B3 /* Alamofire in Frameworks */,
			);
			runOnlyForDeploymentPostprocessing = 0;
		};
		3236C79626DC0EBF002122B3 /* Frameworks */ = {
			isa = PBXFrameworksBuildPhase;
			buildActionMask = 2147483647;
			files = (
			);
			runOnlyForDeploymentPostprocessing = 0;
		};
/* End PBXFrameworksBuildPhase section */

/* Begin PBXGroup section */
		32196029270C92D1002A0E11 /* WorkView */ = {
			isa = PBXGroup;
			children = (
				3236C7CA26DC0F6C002122B3 /* WorkView.swift */,
				321D1C3F277905BE00A28468 /* WorkItemImageView.swift */,
			);
			path = WorkView;
			sourceTree = "<group>";
		};
		3219602A270C92DF002A0E11 /* EditWorkView */ = {
			isa = PBXGroup;
			children = (
				3236C7D026DC0F6C002122B3 /* EditWorkView.swift */,
				3245F35F277BBA1700165534 /* EditWorkItemImageView.swift */,
			);
			path = EditWorkView;
			sourceTree = "<group>";
		};
		3228555727E13CEC00256A1A /* ViewModifiers */ = {
			isa = PBXGroup;
			children = (
				3228555827E13CFE00256A1A /* OverlayOnHoverViewModifier.swift */,
				3228555A27E2C5F400256A1A /* RoundedBorderTextViewViewModifier.swift */,
			);
			path = ViewModifiers;
			sourceTree = "<group>";
		};
		3236C77826DC0EBC002122B3 = {
			isa = PBXGroup;
			children = (
				3236C78326DC0EBC002122B3 /* TinmeyMacOS */,
				3236C79C26DC0EBF002122B3 /* TinmeyMacOSTests */,
				3236C78226DC0EBC002122B3 /* Products */,
			);
			sourceTree = "<group>";
		};
		3236C78226DC0EBC002122B3 /* Products */ = {
			isa = PBXGroup;
			children = (
				3236C78126DC0EBC002122B3 /* Tinmey portfolio.app */,
				3236C79926DC0EBF002122B3 /* TinmeyMacOSTests.xctest */,
			);
			name = Products;
			sourceTree = "<group>";
		};
		3236C78326DC0EBC002122B3 /* TinmeyMacOS */ = {
			isa = PBXGroup;
			children = (
				3236C78426DC0EBC002122B3 /* AppDelegate.swift */,
				3228555127DFA54800256A1A /* TinmeyMacOSApp.swift */,
				3236C7C926DC0F6C002122B3 /* Views */,
				3236C7C026DC0F63002122B3 /* ViewModels */,
				3236C7B626DC0EFB002122B3 /* Models */,
				3236C7E026DC105E002122B3 /* Services */,
				32932A6F272B37F7004DD0B9 /* Extensions */,
				3236C7BD26DC0F42002122B3 /* Preview Content */,
				3236C78B26DC0EBF002122B3 /* Assets.xcassets */,
				3236C79026DC0EBF002122B3 /* Main.storyboard */,
				3236C79326DC0EBF002122B3 /* Info.plist */,
				3236C79426DC0EBF002122B3 /* TinmeyMacOS.entitlements */,
				3236C78826DC0EBC002122B3 /* TinmeyMacOS.xcdatamodeld */,
				3236C78D26DC0EBF002122B3 /* Preview Content */,
			);
			path = TinmeyMacOS;
			sourceTree = "<group>";
		};
		3236C78D26DC0EBF002122B3 /* Preview Content */ = {
			isa = PBXGroup;
			children = (
				3236C78E26DC0EBF002122B3 /* Preview Assets.xcassets */,
			);
			path = "Preview Content";
			sourceTree = "<group>";
		};
		3236C79C26DC0EBF002122B3 /* TinmeyMacOSTests */ = {
			isa = PBXGroup;
			children = (
				3236C79D26DC0EBF002122B3 /* TinmeyMacOSTests.swift */,
				3236C79F26DC0EBF002122B3 /* Info.plist */,
			);
			path = TinmeyMacOSTests;
			sourceTree = "<group>";
		};
		3236C7B626DC0EFB002122B3 /* Models */ = {
			isa = PBXGroup;
			children = (
				3236C7B726DC0EFB002122B3 /* Work.swift */,
				32BEEC392783C7FC005013EF /* APIModelConvertable.swift */,
				324A8A54278396390044D622 /* Work+Image.swift */,
				324A8A582783964A0044D622 /* Work+Create.swift */,
				3236C7B926DC0EFB002122B3 /* AppSection.swift */,
				3234CBBE2714C0E10069A3CC /* AlertType.swift */,
				32932A6D272B219B004DD0B9 /* InfoPlist.swift */,
			);
			path = Models;
			sourceTree = "<group>";
		};
		3236C7BD26DC0F42002122B3 /* Preview Content */ = {
			isa = PBXGroup;
			children = (
				3228555327E1315D00256A1A /* Preview Assets.xcassets */,
			);
			name = "Preview Content";
			path = "../../TinmeyMacOS copy/TinmeyMacOS/Preview Content";
			sourceTree = "<group>";
		};
		3236C7C026DC0F63002122B3 /* ViewModels */ = {
			isa = PBXGroup;
			children = (
				3236C7C126DC0F63002122B3 /* WorksListViewModel.swift */,
				3236C7C226DC0F63002122B3 /* EditWorksViewModel.swift */,
				3236C7C326DC0F63002122B3 /* RootViewModel.swift */,
				3236C7C426DC0F63002122B3 /* WorkPreviewViewModel.swift */,
				3234CBAF2714691A0069A3CC /* SettingsViewModel.swift */,
				3234CBC2271591770069A3CC /* EditProfileViewModel.swift */,
				3234CBBC2714C0A20069A3CC /* EditSectionViewModel.swift */,
			);
			path = ViewModels;
			sourceTree = "<group>";
		};
		3236C7C926DC0F6C002122B3 /* Views */ = {
			isa = PBXGroup;
			children = (
				3228555727E13CEC00256A1A /* ViewModifiers */,
				326EA02D26DE671600C94B5E /* Components */,
				3236C7CE26DC0F6C002122B3 /* RootView.swift */,
				32196021270B69F9002A0E11 /* WorksListView.swift */,
				32196029270C92D1002A0E11 /* WorkView */,
				3219602A270C92DF002A0E11 /* EditWorkView */,
				3234CBAD271468E70069A3CC /* SettingsView.swift */,
				3234CBC0271591670069A3CC /* EditProfileView.swift */,
				3234CBB527149D3E0069A3CC /* EditSectionView.swift */,
				32BEEC3B2783D44B005013EF /* EditSectionImageView.swift */,
			);
			path = Views;
			sourceTree = "<group>";
		};
		3236C7E026DC105E002122B3 /* Services */ = {
			isa = PBXGroup;
			children = (
				3236C7E226DC105E002122B3 /* APIService.swift */,
				32932A6B272B20FB004DD0B9 /* APIURLBuilder.swift */,
				3236C7E126DC105E002122B3 /* WorksAPIService.swift */,
				323FB1E32717282400B31A22 /* TagsAPIService.swift */,
				3234CBA927145A700069A3CC /* AuthAPIService.swift */,
				3234CBB82714BC410069A3CC /* ProfileAPIService.swift */,
				3234CBBA2714BEA20069A3CC /* SectionsAPIService.swift */,
				3234CBAB27145D570069A3CC /* Keychain.swift */,
			);
			path = Services;
			sourceTree = "<group>";
		};
		326EA02D26DE671600C94B5E /* Components */ = {
			isa = PBXGroup;
			children = (
				3236C7CB26DC0F6C002122B3 /* BlurView.swift */,
				329811EE27693123007351D6 /* IconButton.swift */,
				3236C7CD26DC0F6C002122B3 /* TabButton.swift */,
				326EA03326DE751600C94B5E /* ProgressIndicator.swift */,
				3219602D270C9944002A0E11 /* TextView.swift */,
				324BEB64271702B6001AEE0D /* TagView.swift */,
				323FB1DF2717144300B31A22 /* TagInputView.swift */,
				323FB1DD2717113100B31A22 /* TagsListView.swift */,
				323FB1E1271724CC00B31A22 /* TagSelectView.swift */,
				324BEB6927170AD5001AEE0D /* BoxLinkButton.swift */,
				321D1C3B2778F60100A28468 /* WorkItemContainer.swift */,
				3245F363277BBFC400165534 /* EditWorkItemContainer.swift */,
				32B1B76E278CF40700371261 /* DropImage.swift */,
			);
			path = Components;
			sourceTree = "<group>";
		};
		32932A6F272B37F7004DD0B9 /* Extensions */ = {
			isa = PBXGroup;
			children = (
				324A8A5E2783B9D40044D622 /* Array+Extension.swift */,
				32B1B76A278C7FE200371261 /* DropInfo+Extension.swift */,
				32B1B76C278CF03E00371261 /* URL+Extension.swift */,
				32B1B770278E483400371261 /* NSTextView+Extension.swift */,
				3228555527E136D400256A1A /* View+Extension.swift */,
			);
			path = Extensions;
			sourceTree = "<group>";
		};
/* End PBXGroup section */

/* Begin PBXNativeTarget section */
		3236C78026DC0EBC002122B3 /* TinmeyMacOS */ = {
			isa = PBXNativeTarget;
			buildConfigurationList = 3236C7AD26DC0EBF002122B3 /* Build configuration list for PBXNativeTarget "TinmeyMacOS" */;
			buildPhases = (
				3236C77D26DC0EBC002122B3 /* Sources */,
				3236C77E26DC0EBC002122B3 /* Frameworks */,
				3236C77F26DC0EBC002122B3 /* Resources */,
			);
			buildRules = (
			);
			dependencies = (
			);
			name = TinmeyMacOS;
			packageProductDependencies = (
				3236C7DB26DC0F9A002122B3 /* TinmeyCore */,
				3236C7DE26DC0FCF002122B3 /* Alamofire */,
				324BEB6727170909001AEE0D /* WrappingHStack */,
				32FD4E78276AB0AB0086B242 /* KeychainAccess */,
			);
			productName = TinmeyMacOS;
			productReference = 3236C78126DC0EBC002122B3 /* Tinmey portfolio.app */;
			productType = "com.apple.product-type.application";
		};
		3236C79826DC0EBF002122B3 /* TinmeyMacOSTests */ = {
			isa = PBXNativeTarget;
			buildConfigurationList = 3236C7B026DC0EBF002122B3 /* Build configuration list for PBXNativeTarget "TinmeyMacOSTests" */;
			buildPhases = (
				3236C79526DC0EBF002122B3 /* Sources */,
				3236C79626DC0EBF002122B3 /* Frameworks */,
				3236C79726DC0EBF002122B3 /* Resources */,
			);
			buildRules = (
			);
			dependencies = (
				3236C79B26DC0EBF002122B3 /* PBXTargetDependency */,
			);
			name = TinmeyMacOSTests;
			productName = TinmeyMacOSTests;
			productReference = 3236C79926DC0EBF002122B3 /* TinmeyMacOSTests.xctest */;
			productType = "com.apple.product-type.bundle.unit-test";
		};
/* End PBXNativeTarget section */

/* Begin PBXProject section */
		3236C77926DC0EBC002122B3 /* Project object */ = {
			isa = PBXProject;
			attributes = {
				LastSwiftUpdateCheck = 1250;
				LastUpgradeCheck = 1300;
				TargetAttributes = {
					3236C78026DC0EBC002122B3 = {
						CreatedOnToolsVersion = 12.5.1;
					};
					3236C79826DC0EBF002122B3 = {
						CreatedOnToolsVersion = 12.5.1;
						TestTargetID = 3236C78026DC0EBC002122B3;
					};
				};
			};
			buildConfigurationList = 3236C77C26DC0EBC002122B3 /* Build configuration list for PBXProject "TinmeyMacOS" */;
			compatibilityVersion = "Xcode 9.3";
			developmentRegion = en;
			hasScannedForEncodings = 0;
			knownRegions = (
				en,
				Base,
			);
			mainGroup = 3236C77826DC0EBC002122B3;
			packageReferences = (
				3236C7DA26DC0F9A002122B3 /* XCRemoteSwiftPackageReference "TinmeyCore" */,
				3236C7DD26DC0FCF002122B3 /* XCRemoteSwiftPackageReference "Alamofire" */,
				324BEB6627170909001AEE0D /* XCRemoteSwiftPackageReference "WrappingHStack" */,
				32FD4E77276AB0AB0086B242 /* XCRemoteSwiftPackageReference "KeychainAccess" */,
			);
			productRefGroup = 3236C78226DC0EBC002122B3 /* Products */;
			projectDirPath = "";
			projectRoot = "";
			targets = (
				3236C78026DC0EBC002122B3 /* TinmeyMacOS */,
				3236C79826DC0EBF002122B3 /* TinmeyMacOSTests */,
			);
		};
/* End PBXProject section */

/* Begin PBXResourcesBuildPhase section */
		3236C77F26DC0EBC002122B3 /* Resources */ = {
			isa = PBXResourcesBuildPhase;
			buildActionMask = 2147483647;
			files = (
				3236C79226DC0EBF002122B3 /* Main.storyboard in Resources */,
				3228555427E1315D00256A1A /* Preview Assets.xcassets in Resources */,
				3236C78F26DC0EBF002122B3 /* Preview Assets.xcassets in Resources */,
				3236C78C26DC0EBF002122B3 /* Assets.xcassets in Resources */,
			);
			runOnlyForDeploymentPostprocessing = 0;
		};
		3236C79726DC0EBF002122B3 /* Resources */ = {
			isa = PBXResourcesBuildPhase;
			buildActionMask = 2147483647;
			files = (
			);
			runOnlyForDeploymentPostprocessing = 0;
		};
/* End PBXResourcesBuildPhase section */

/* Begin PBXSourcesBuildPhase section */
		3236C77D26DC0EBC002122B3 /* Sources */ = {
			isa = PBXSourcesBuildPhase;
			buildActionMask = 2147483647;
			files = (
				329811EF27693123007351D6 /* IconButton.swift in Sources */,
				32932A6C272B20FB004DD0B9 /* APIURLBuilder.swift in Sources */,
				3236C7D226DC0F6C002122B3 /* WorkView.swift in Sources */,
				32932A6E272B219B004DD0B9 /* InfoPlist.swift in Sources */,
				3234CBBB2714BEA20069A3CC /* SectionsAPIService.swift in Sources */,
				3236C7C826DC0F63002122B3 /* WorkPreviewViewModel.swift in Sources */,
				326EA03426DE751600C94B5E /* ProgressIndicator.swift in Sources */,
				3228555627E136D400256A1A /* View+Extension.swift in Sources */,
				324A8A55278396390044D622 /* Work+Image.swift in Sources */,
				3236C7BA26DC0EFB002122B3 /* Work.swift in Sources */,
				324A8A5F2783B9D40044D622 /* Array+Extension.swift in Sources */,
				32BEEC3A2783C7FC005013EF /* APIModelConvertable.swift in Sources */,
				3228555927E13CFE00256A1A /* OverlayOnHoverViewModifier.swift in Sources */,
				3234CBB92714BC410069A3CC /* ProfileAPIService.swift in Sources */,
				3219602E270C9944002A0E11 /* TextView.swift in Sources */,
				32B1B76B278C7FE200371261 /* DropInfo+Extension.swift in Sources */,
				321D1C3C2778F60100A28468 /* WorkItemContainer.swift in Sources */,
				323FB1E42717282400B31A22 /* TagsAPIService.swift in Sources */,
				3236C7D826DC0F6C002122B3 /* EditWorkView.swift in Sources */,
				32BEEC3C2783D44B005013EF /* EditSectionImageView.swift in Sources */,
				3245F360277BBA1700165534 /* EditWorkItemImageView.swift in Sources */,
				3228555B27E2C5F500256A1A /* RoundedBorderTextViewViewModifier.swift in Sources */,
				3234CBBF2714C0E10069A3CC /* AlertType.swift in Sources */,
				3228555227DFA54800256A1A /* TinmeyMacOSApp.swift in Sources */,
				3234CBBD2714C0A20069A3CC /* EditSectionViewModel.swift in Sources */,
				32B1B76D278CF03E00371261 /* URL+Extension.swift in Sources */,
				3236C7C526DC0F63002122B3 /* WorksListViewModel.swift in Sources */,
				3236C7D326DC0F6C002122B3 /* BlurView.swift in Sources */,
				3236C7C626DC0F63002122B3 /* EditWorksViewModel.swift in Sources */,
				3236C7E326DC105E002122B3 /* WorksAPIService.swift in Sources */,
				32196022270B69F9002A0E11 /* WorksListView.swift in Sources */,
				323FB1E02717144300B31A22 /* TagInputView.swift in Sources */,
				323FB1DE2717113100B31A22 /* TagsListView.swift in Sources */,
				324A8A592783964A0044D622 /* Work+Create.swift in Sources */,
				323FB1E2271724CC00B31A22 /* TagSelectView.swift in Sources */,
				3245F364277BBFC400165534 /* EditWorkItemContainer.swift in Sources */,
				3236C7BC26DC0EFB002122B3 /* AppSection.swift in Sources */,
				3234CBB02714691A0069A3CC /* SettingsViewModel.swift in Sources */,
				3236C78A26DC0EBC002122B3 /* TinmeyMacOS.xcdatamodeld in Sources */,
				32B1B76F278CF40700371261 /* DropImage.swift in Sources */,
				3234CBC1271591670069A3CC /* EditProfileView.swift in Sources */,
				3236C7C726DC0F63002122B3 /* RootViewModel.swift in Sources */,
				32B1B771278E483400371261 /* NSTextView+Extension.swift in Sources */,
				3234CBB627149D3E0069A3CC /* EditSectionView.swift in Sources */,
				3234CBAA27145A700069A3CC /* AuthAPIService.swift in Sources */,
				3234CBC3271591770069A3CC /* EditProfileViewModel.swift in Sources */,
				3236C78526DC0EBC002122B3 /* AppDelegate.swift in Sources */,
				324BEB65271702B6001AEE0D /* TagView.swift in Sources */,
				324BEB6A27170AD5001AEE0D /* BoxLinkButton.swift in Sources */,
				321D1C40277905BE00A28468 /* WorkItemImageView.swift in Sources */,
				3236C7D526DC0F6C002122B3 /* TabButton.swift in Sources */,
				3236C7E426DC105E002122B3 /* APIService.swift in Sources */,
				3236C7D626DC0F6C002122B3 /* RootView.swift in Sources */,
				3234CBAE271468E70069A3CC /* SettingsView.swift in Sources */,
				3234CBAC27145D570069A3CC /* Keychain.swift in Sources */,
			);
			runOnlyForDeploymentPostprocessing = 0;
		};
		3236C79526DC0EBF002122B3 /* Sources */ = {
			isa = PBXSourcesBuildPhase;
			buildActionMask = 2147483647;
			files = (
				3236C79E26DC0EBF002122B3 /* TinmeyMacOSTests.swift in Sources */,
			);
			runOnlyForDeploymentPostprocessing = 0;
		};
/* End PBXSourcesBuildPhase section */

/* Begin PBXTargetDependency section */
		3236C79B26DC0EBF002122B3 /* PBXTargetDependency */ = {
			isa = PBXTargetDependency;
			target = 3236C78026DC0EBC002122B3 /* TinmeyMacOS */;
			targetProxy = 3236C79A26DC0EBF002122B3 /* PBXContainerItemProxy */;
		};
/* End PBXTargetDependency section */

/* Begin PBXVariantGroup section */
		3236C79026DC0EBF002122B3 /* Main.storyboard */ = {
			isa = PBXVariantGroup;
			children = (
				3236C79126DC0EBF002122B3 /* Base */,
			);
			name = Main.storyboard;
			sourceTree = "<group>";
		};
/* End PBXVariantGroup section */

/* Begin XCBuildConfiguration section */
		3236C7AB26DC0EBF002122B3 /* Debug */ = {
			isa = XCBuildConfiguration;
			buildSettings = {
				ALWAYS_SEARCH_USER_PATHS = NO;
				CLANG_ANALYZER_NONNULL = YES;
				CLANG_ANALYZER_NUMBER_OBJECT_CONVERSION = YES_AGGRESSIVE;
				CLANG_CXX_LANGUAGE_STANDARD = "gnu++14";
				CLANG_CXX_LIBRARY = "libc++";
				CLANG_ENABLE_MODULES = YES;
				CLANG_ENABLE_OBJC_ARC = YES;
				CLANG_ENABLE_OBJC_WEAK = YES;
				CLANG_WARN_BLOCK_CAPTURE_AUTORELEASING = YES;
				CLANG_WARN_BOOL_CONVERSION = YES;
				CLANG_WARN_COMMA = YES;
				CLANG_WARN_CONSTANT_CONVERSION = YES;
				CLANG_WARN_DEPRECATED_OBJC_IMPLEMENTATIONS = YES;
				CLANG_WARN_DIRECT_OBJC_ISA_USAGE = YES_ERROR;
				CLANG_WARN_DOCUMENTATION_COMMENTS = YES;
				CLANG_WARN_EMPTY_BODY = YES;
				CLANG_WARN_ENUM_CONVERSION = YES;
				CLANG_WARN_INFINITE_RECURSION = YES;
				CLANG_WARN_INT_CONVERSION = YES;
				CLANG_WARN_NON_LITERAL_NULL_CONVERSION = YES;
				CLANG_WARN_OBJC_IMPLICIT_RETAIN_SELF = YES;
				CLANG_WARN_OBJC_LITERAL_CONVERSION = YES;
				CLANG_WARN_OBJC_ROOT_CLASS = YES_ERROR;
				CLANG_WARN_QUOTED_INCLUDE_IN_FRAMEWORK_HEADER = YES;
				CLANG_WARN_RANGE_LOOP_ANALYSIS = YES;
				CLANG_WARN_STRICT_PROTOTYPES = YES;
				CLANG_WARN_SUSPICIOUS_MOVE = YES;
				CLANG_WARN_UNGUARDED_AVAILABILITY = YES_AGGRESSIVE;
				CLANG_WARN_UNREACHABLE_CODE = YES;
				CLANG_WARN__DUPLICATE_METHOD_MATCH = YES;
				COPY_PHASE_STRIP = NO;
				DEBUG_INFORMATION_FORMAT = dwarf;
				ENABLE_STRICT_OBJC_MSGSEND = YES;
				ENABLE_TESTABILITY = YES;
				GCC_C_LANGUAGE_STANDARD = gnu11;
				GCC_DYNAMIC_NO_PIC = NO;
				GCC_NO_COMMON_BLOCKS = YES;
				GCC_OPTIMIZATION_LEVEL = 0;
				GCC_PREPROCESSOR_DEFINITIONS = (
					"DEBUG=1",
					"$(inherited)",
				);
				GCC_WARN_64_TO_32_BIT_CONVERSION = YES;
				GCC_WARN_ABOUT_RETURN_TYPE = YES_ERROR;
				GCC_WARN_UNDECLARED_SELECTOR = YES;
				GCC_WARN_UNINITIALIZED_AUTOS = YES_AGGRESSIVE;
				GCC_WARN_UNUSED_FUNCTION = YES;
				GCC_WARN_UNUSED_VARIABLE = YES;
				MACOSX_DEPLOYMENT_TARGET = 12.0;
				MTL_ENABLE_DEBUG_INFO = INCLUDE_SOURCE;
				MTL_FAST_MATH = YES;
				ONLY_ACTIVE_ARCH = YES;
				SDKROOT = macosx;
				SWIFT_ACTIVE_COMPILATION_CONDITIONS = DEBUG;
				SWIFT_OPTIMIZATION_LEVEL = "-Onone";
			};
			name = Debug;
		};
		3236C7AC26DC0EBF002122B3 /* Release */ = {
			isa = XCBuildConfiguration;
			buildSettings = {
				ALWAYS_SEARCH_USER_PATHS = NO;
				CLANG_ANALYZER_NONNULL = YES;
				CLANG_ANALYZER_NUMBER_OBJECT_CONVERSION = YES_AGGRESSIVE;
				CLANG_CXX_LANGUAGE_STANDARD = "gnu++14";
				CLANG_CXX_LIBRARY = "libc++";
				CLANG_ENABLE_MODULES = YES;
				CLANG_ENABLE_OBJC_ARC = YES;
				CLANG_ENABLE_OBJC_WEAK = YES;
				CLANG_WARN_BLOCK_CAPTURE_AUTORELEASING = YES;
				CLANG_WARN_BOOL_CONVERSION = YES;
				CLANG_WARN_COMMA = YES;
				CLANG_WARN_CONSTANT_CONVERSION = YES;
				CLANG_WARN_DEPRECATED_OBJC_IMPLEMENTATIONS = YES;
				CLANG_WARN_DIRECT_OBJC_ISA_USAGE = YES_ERROR;
				CLANG_WARN_DOCUMENTATION_COMMENTS = YES;
				CLANG_WARN_EMPTY_BODY = YES;
				CLANG_WARN_ENUM_CONVERSION = YES;
				CLANG_WARN_INFINITE_RECURSION = YES;
				CLANG_WARN_INT_CONVERSION = YES;
				CLANG_WARN_NON_LITERAL_NULL_CONVERSION = YES;
				CLANG_WARN_OBJC_IMPLICIT_RETAIN_SELF = YES;
				CLANG_WARN_OBJC_LITERAL_CONVERSION = YES;
				CLANG_WARN_OBJC_ROOT_CLASS = YES_ERROR;
				CLANG_WARN_QUOTED_INCLUDE_IN_FRAMEWORK_HEADER = YES;
				CLANG_WARN_RANGE_LOOP_ANALYSIS = YES;
				CLANG_WARN_STRICT_PROTOTYPES = YES;
				CLANG_WARN_SUSPICIOUS_MOVE = YES;
				CLANG_WARN_UNGUARDED_AVAILABILITY = YES_AGGRESSIVE;
				CLANG_WARN_UNREACHABLE_CODE = YES;
				CLANG_WARN__DUPLICATE_METHOD_MATCH = YES;
				COPY_PHASE_STRIP = NO;
				DEBUG_INFORMATION_FORMAT = "dwarf-with-dsym";
				ENABLE_NS_ASSERTIONS = NO;
				ENABLE_STRICT_OBJC_MSGSEND = YES;
				GCC_C_LANGUAGE_STANDARD = gnu11;
				GCC_NO_COMMON_BLOCKS = YES;
				GCC_WARN_64_TO_32_BIT_CONVERSION = YES;
				GCC_WARN_ABOUT_RETURN_TYPE = YES_ERROR;
				GCC_WARN_UNDECLARED_SELECTOR = YES;
				GCC_WARN_UNINITIALIZED_AUTOS = YES_AGGRESSIVE;
				GCC_WARN_UNUSED_FUNCTION = YES;
				GCC_WARN_UNUSED_VARIABLE = YES;
				MACOSX_DEPLOYMENT_TARGET = 12.0;
				MTL_ENABLE_DEBUG_INFO = NO;
				MTL_FAST_MATH = YES;
				SDKROOT = macosx;
				SWIFT_COMPILATION_MODE = wholemodule;
				SWIFT_OPTIMIZATION_LEVEL = "-O";
			};
			name = Release;
		};
		3236C7AE26DC0EBF002122B3 /* Debug */ = {
			isa = XCBuildConfiguration;
			buildSettings = {
				API_ENDPOINT = "http://127.0.0.1:8080";
				ASSETCATALOG_COMPILER_APPICON_NAME = AppIcon;
				ASSETCATALOG_COMPILER_GLOBAL_ACCENT_COLOR_NAME = AccentColor;
				CODE_SIGN_ENTITLEMENTS = TinmeyMacOS/TinmeyMacOS.entitlements;
				CODE_SIGN_IDENTITY = "Apple Development";
				CODE_SIGN_STYLE = Automatic;
				COMBINE_HIDPI_IMAGES = YES;
				DEVELOPMENT_ASSET_PATHS = "\"TinmeyMacOS/Preview Content\"";
				DEVELOPMENT_TEAM = UU896HB87U;
				ENABLE_HARDENED_RUNTIME = YES;
				ENABLE_PREVIEWS = YES;
				INFOPLIST_FILE = TinmeyMacOS/Info.plist;
				LD_RUNPATH_SEARCH_PATHS = (
					"$(inherited)",
					"@executable_path/../Frameworks",
				);
				MACOSX_DEPLOYMENT_TARGET = 12.0;
				MARKETING_VERSION = 1.2.1;
				PRODUCT_BUNDLE_IDENTIFIER = com.borodindr.TinmeyMacOS;
				PRODUCT_NAME = "Tinmey portfolio";
				SWIFT_VERSION = 5.0;
			};
			name = Debug;
		};
		3236C7AF26DC0EBF002122B3 /* Release */ = {
			isa = XCBuildConfiguration;
			buildSettings = {
				API_ENDPOINT = "https://tinmey.com";
				ASSETCATALOG_COMPILER_APPICON_NAME = AppIcon;
				ASSETCATALOG_COMPILER_GLOBAL_ACCENT_COLOR_NAME = AccentColor;
				CODE_SIGN_ENTITLEMENTS = TinmeyMacOS/TinmeyMacOS.entitlements;
				CODE_SIGN_IDENTITY = "Apple Development";
				CODE_SIGN_STYLE = Automatic;
				COMBINE_HIDPI_IMAGES = YES;
				DEVELOPMENT_ASSET_PATHS = "\"TinmeyMacOS/Preview Content\"";
				DEVELOPMENT_TEAM = UU896HB87U;
				ENABLE_HARDENED_RUNTIME = YES;
				ENABLE_PREVIEWS = YES;
				INFOPLIST_FILE = TinmeyMacOS/Info.plist;
				LD_RUNPATH_SEARCH_PATHS = (
					"$(inherited)",
					"@executable_path/../Frameworks",
				);
				MACOSX_DEPLOYMENT_TARGET = 12.0;
				MARKETING_VERSION = 1.2.1;
				PRODUCT_BUNDLE_IDENTIFIER = com.borodindr.TinmeyMacOS;
				PRODUCT_NAME = "Tinmey portfolio";
				SWIFT_VERSION = 5.0;
			};
			name = Release;
		};
		3236C7B126DC0EBF002122B3 /* Debug */ = {
			isa = XCBuildConfiguration;
			buildSettings = {
				ALWAYS_EMBED_SWIFT_STANDARD_LIBRARIES = YES;
				BUNDLE_LOADER = "$(TEST_HOST)";
				CODE_SIGN_STYLE = Automatic;
				COMBINE_HIDPI_IMAGES = YES;
				DEVELOPMENT_TEAM = UU896HB87U;
				INFOPLIST_FILE = TinmeyMacOSTests/Info.plist;
				LD_RUNPATH_SEARCH_PATHS = (
					"$(inherited)",
					"@executable_path/../Frameworks",
					"@loader_path/../Frameworks",
				);
				MACOSX_DEPLOYMENT_TARGET = 11.0;
				PRODUCT_BUNDLE_IDENTIFIER = com.borodindr.TinmeyMacOSTests;
				PRODUCT_NAME = "$(TARGET_NAME)";
				SWIFT_VERSION = 5.0;
				TEST_HOST = "$(BUILT_PRODUCTS_DIR)/Tinmey portfolio.app/Contents/MacOS/Tinmey portfolio";
			};
			name = Debug;
		};
		3236C7B226DC0EBF002122B3 /* Release */ = {
			isa = XCBuildConfiguration;
			buildSettings = {
				ALWAYS_EMBED_SWIFT_STANDARD_LIBRARIES = YES;
				BUNDLE_LOADER = "$(TEST_HOST)";
				CODE_SIGN_STYLE = Automatic;
				COMBINE_HIDPI_IMAGES = YES;
				DEVELOPMENT_TEAM = UU896HB87U;
				INFOPLIST_FILE = TinmeyMacOSTests/Info.plist;
				LD_RUNPATH_SEARCH_PATHS = (
					"$(inherited)",
					"@executable_path/../Frameworks",
					"@loader_path/../Frameworks",
				);
				MACOSX_DEPLOYMENT_TARGET = 11.0;
				PRODUCT_BUNDLE_IDENTIFIER = com.borodindr.TinmeyMacOSTests;
				PRODUCT_NAME = "$(TARGET_NAME)";
				SWIFT_VERSION = 5.0;
				TEST_HOST = "$(BUILT_PRODUCTS_DIR)/Tinmey portfolio.app/Contents/MacOS/Tinmey portfolio";
			};
			name = Release;
		};
		32932A67272B19BF004DD0B9 /* Stage */ = {
			isa = XCBuildConfiguration;
			buildSettings = {
				ALWAYS_SEARCH_USER_PATHS = NO;
				CLANG_ANALYZER_NONNULL = YES;
				CLANG_ANALYZER_NUMBER_OBJECT_CONVERSION = YES_AGGRESSIVE;
				CLANG_CXX_LANGUAGE_STANDARD = "gnu++14";
				CLANG_CXX_LIBRARY = "libc++";
				CLANG_ENABLE_MODULES = YES;
				CLANG_ENABLE_OBJC_ARC = YES;
				CLANG_ENABLE_OBJC_WEAK = YES;
				CLANG_WARN_BLOCK_CAPTURE_AUTORELEASING = YES;
				CLANG_WARN_BOOL_CONVERSION = YES;
				CLANG_WARN_COMMA = YES;
				CLANG_WARN_CONSTANT_CONVERSION = YES;
				CLANG_WARN_DEPRECATED_OBJC_IMPLEMENTATIONS = YES;
				CLANG_WARN_DIRECT_OBJC_ISA_USAGE = YES_ERROR;
				CLANG_WARN_DOCUMENTATION_COMMENTS = YES;
				CLANG_WARN_EMPTY_BODY = YES;
				CLANG_WARN_ENUM_CONVERSION = YES;
				CLANG_WARN_INFINITE_RECURSION = YES;
				CLANG_WARN_INT_CONVERSION = YES;
				CLANG_WARN_NON_LITERAL_NULL_CONVERSION = YES;
				CLANG_WARN_OBJC_IMPLICIT_RETAIN_SELF = YES;
				CLANG_WARN_OBJC_LITERAL_CONVERSION = YES;
				CLANG_WARN_OBJC_ROOT_CLASS = YES_ERROR;
				CLANG_WARN_QUOTED_INCLUDE_IN_FRAMEWORK_HEADER = YES;
				CLANG_WARN_RANGE_LOOP_ANALYSIS = YES;
				CLANG_WARN_STRICT_PROTOTYPES = YES;
				CLANG_WARN_SUSPICIOUS_MOVE = YES;
				CLANG_WARN_UNGUARDED_AVAILABILITY = YES_AGGRESSIVE;
				CLANG_WARN_UNREACHABLE_CODE = YES;
				CLANG_WARN__DUPLICATE_METHOD_MATCH = YES;
				COPY_PHASE_STRIP = NO;
				DEBUG_INFORMATION_FORMAT = dwarf;
				ENABLE_STRICT_OBJC_MSGSEND = YES;
				ENABLE_TESTABILITY = YES;
				GCC_C_LANGUAGE_STANDARD = gnu11;
				GCC_DYNAMIC_NO_PIC = NO;
				GCC_NO_COMMON_BLOCKS = YES;
				GCC_OPTIMIZATION_LEVEL = 0;
				GCC_PREPROCESSOR_DEFINITIONS = (
					"DEBUG=1",
					"$(inherited)",
				);
				GCC_WARN_64_TO_32_BIT_CONVERSION = YES;
				GCC_WARN_ABOUT_RETURN_TYPE = YES_ERROR;
				GCC_WARN_UNDECLARED_SELECTOR = YES;
				GCC_WARN_UNINITIALIZED_AUTOS = YES_AGGRESSIVE;
				GCC_WARN_UNUSED_FUNCTION = YES;
				GCC_WARN_UNUSED_VARIABLE = YES;
				MACOSX_DEPLOYMENT_TARGET = 12.0;
				MTL_ENABLE_DEBUG_INFO = INCLUDE_SOURCE;
				MTL_FAST_MATH = YES;
				ONLY_ACTIVE_ARCH = YES;
				SDKROOT = macosx;
				SWIFT_ACTIVE_COMPILATION_CONDITIONS = DEBUG;
				SWIFT_OPTIMIZATION_LEVEL = "-Onone";
			};
			name = Stage;
		};
		32932A68272B19BF004DD0B9 /* Stage */ = {
			isa = XCBuildConfiguration;
			buildSettings = {
				API_ENDPOINT = "https://test.tinmey.com";
				ASSETCATALOG_COMPILER_APPICON_NAME = AppIcon;
				ASSETCATALOG_COMPILER_GLOBAL_ACCENT_COLOR_NAME = AccentColor;
				CODE_SIGN_ENTITLEMENTS = TinmeyMacOS/TinmeyMacOS.entitlements;
				CODE_SIGN_IDENTITY = "Apple Development";
				CODE_SIGN_STYLE = Automatic;
				COMBINE_HIDPI_IMAGES = YES;
				DEVELOPMENT_ASSET_PATHS = "\"TinmeyMacOS/Preview Content\"";
				DEVELOPMENT_TEAM = UU896HB87U;
				ENABLE_HARDENED_RUNTIME = YES;
				ENABLE_PREVIEWS = YES;
				INFOPLIST_FILE = TinmeyMacOS/Info.plist;
				LD_RUNPATH_SEARCH_PATHS = (
					"$(inherited)",
					"@executable_path/../Frameworks",
				);
				MACOSX_DEPLOYMENT_TARGET = 12.0;
				MARKETING_VERSION = 1.2.1;
				PRODUCT_BUNDLE_IDENTIFIER = com.borodindr.TinmeyMacOS;
				PRODUCT_NAME = "Tinmey portfolio - TEST";
				SWIFT_VERSION = 5.0;
			};
			name = Stage;
		};
		32932A69272B19BF004DD0B9 /* Stage */ = {
			isa = XCBuildConfiguration;
			buildSettings = {
				ALWAYS_EMBED_SWIFT_STANDARD_LIBRARIES = YES;
				BUNDLE_LOADER = "$(TEST_HOST)";
				CODE_SIGN_STYLE = Automatic;
				COMBINE_HIDPI_IMAGES = YES;
				DEVELOPMENT_TEAM = UU896HB87U;
				INFOPLIST_FILE = TinmeyMacOSTests/Info.plist;
				LD_RUNPATH_SEARCH_PATHS = (
					"$(inherited)",
					"@executable_path/../Frameworks",
					"@loader_path/../Frameworks",
				);
				MACOSX_DEPLOYMENT_TARGET = 11.0;
				PRODUCT_BUNDLE_IDENTIFIER = com.borodindr.TinmeyMacOSTests;
				PRODUCT_NAME = "$(TARGET_NAME)";
				SWIFT_VERSION = 5.0;
				TEST_HOST = "$(BUILT_PRODUCTS_DIR)/Tinmey portfolio.app/Contents/MacOS/Tinmey portfolio";
			};
			name = Stage;
		};
/* End XCBuildConfiguration section */

/* Begin XCConfigurationList section */
		3236C77C26DC0EBC002122B3 /* Build configuration list for PBXProject "TinmeyMacOS" */ = {
			isa = XCConfigurationList;
			buildConfigurations = (
				3236C7AB26DC0EBF002122B3 /* Debug */,
				32932A67272B19BF004DD0B9 /* Stage */,
				3236C7AC26DC0EBF002122B3 /* Release */,
			);
			defaultConfigurationIsVisible = 0;
			defaultConfigurationName = Release;
		};
		3236C7AD26DC0EBF002122B3 /* Build configuration list for PBXNativeTarget "TinmeyMacOS" */ = {
			isa = XCConfigurationList;
			buildConfigurations = (
				3236C7AE26DC0EBF002122B3 /* Debug */,
				32932A68272B19BF004DD0B9 /* Stage */,
				3236C7AF26DC0EBF002122B3 /* Release */,
			);
			defaultConfigurationIsVisible = 0;
			defaultConfigurationName = Release;
		};
		3236C7B026DC0EBF002122B3 /* Build configuration list for PBXNativeTarget "TinmeyMacOSTests" */ = {
			isa = XCConfigurationList;
			buildConfigurations = (
				3236C7B126DC0EBF002122B3 /* Debug */,
				32932A69272B19BF004DD0B9 /* Stage */,
				3236C7B226DC0EBF002122B3 /* Release */,
			);
			defaultConfigurationIsVisible = 0;
			defaultConfigurationName = Release;
		};
/* End XCConfigurationList section */

/* Begin XCRemoteSwiftPackageReference section */
		3236C7DA26DC0F9A002122B3 /* XCRemoteSwiftPackageReference "TinmeyCore" */ = {
			isa = XCRemoteSwiftPackageReference;
			repositoryURL = "https://github.com/borodindr/TinmeyCore.git";
			requirement = {
				branch = "version-2";
				kind = branch;
			};
		};
		3236C7DD26DC0FCF002122B3 /* XCRemoteSwiftPackageReference "Alamofire" */ = {
			isa = XCRemoteSwiftPackageReference;
			repositoryURL = "https://github.com/Alamofire/Alamofire.git";
			requirement = {
				kind = upToNextMajorVersion;
				minimumVersion = 5.4.3;
			};
		};
		324BEB6627170909001AEE0D /* XCRemoteSwiftPackageReference "WrappingHStack" */ = {
			isa = XCRemoteSwiftPackageReference;
			repositoryURL = "https://github.com/dkk/WrappingHStack";
			requirement = {
				kind = upToNextMajorVersion;
				minimumVersion = 2.0.0;
			};
		};
		32FD4E77276AB0AB0086B242 /* XCRemoteSwiftPackageReference "KeychainAccess" */ = {
			isa = XCRemoteSwiftPackageReference;
			repositoryURL = "https://github.com/kishikawakatsumi/KeychainAccess.git";
			requirement = {
				kind = upToNextMajorVersion;
				minimumVersion = 4.0.0;
			};
		};
/* End XCRemoteSwiftPackageReference section */

/* Begin XCSwiftPackageProductDependency section */
		3236C7DB26DC0F9A002122B3 /* TinmeyCore */ = {
			isa = XCSwiftPackageProductDependency;
			package = 3236C7DA26DC0F9A002122B3 /* XCRemoteSwiftPackageReference "TinmeyCore" */;
			productName = TinmeyCore;
		};
		3236C7DE26DC0FCF002122B3 /* Alamofire */ = {
			isa = XCSwiftPackageProductDependency;
			package = 3236C7DD26DC0FCF002122B3 /* XCRemoteSwiftPackageReference "Alamofire" */;
			productName = Alamofire;
		};
		324BEB6727170909001AEE0D /* WrappingHStack */ = {
			isa = XCSwiftPackageProductDependency;
			package = 324BEB6627170909001AEE0D /* XCRemoteSwiftPackageReference "WrappingHStack" */;
			productName = WrappingHStack;
		};
		32FD4E78276AB0AB0086B242 /* KeychainAccess */ = {
			isa = XCSwiftPackageProductDependency;
			package = 32FD4E77276AB0AB0086B242 /* XCRemoteSwiftPackageReference "KeychainAccess" */;
			productName = KeychainAccess;
		};
/* End XCSwiftPackageProductDependency section */

/* Begin XCVersionGroup section */
		3236C78826DC0EBC002122B3 /* TinmeyMacOS.xcdatamodeld */ = {
			isa = XCVersionGroup;
			children = (
				3236C78926DC0EBC002122B3 /* TinmeyMacOS.xcdatamodel */,
			);
			currentVersion = 3236C78926DC0EBC002122B3 /* TinmeyMacOS.xcdatamodel */;
			path = TinmeyMacOS.xcdatamodeld;
			sourceTree = "<group>";
			versionGroupType = wrapper.xcdatamodel;
		};
/* End XCVersionGroup section */
	};
	rootObject = 3236C77926DC0EBC002122B3 /* Project object */;
}
